// !$*UTF8*$!
{
	archiveVersion = 1;
	classes = {
	};
	objectVersion = 56;
	objects = {

/* Begin PBXBuildFile section */
		1CE7F9722A87C6F000CCCA33 /* tesstApp.swift in Sources */ = {isa = PBXBuildFile; fileRef = 1CE7F9712A87C6F000CCCA33 /* tesstApp.swift */; };
		1CE7F9742A87C6F000CCCA33 /* ContentView.swift in Sources */ = {isa = PBXBuildFile; fileRef = 1CE7F9732A87C6F000CCCA33 /* ContentView.swift */; };
		1CE7F9762A87C6F000CCCA33 /* Assets.xcassets in Resources */ = {isa = PBXBuildFile; fileRef = 1CE7F9752A87C6F000CCCA33 /* Assets.xcassets */; };
		1CE7F97A2A87C6F000CCCA33 /* Preview Assets.xcassets in Resources */ = {isa = PBXBuildFile; fileRef = 1CE7F9792A87C6F000CCCA33 /* Preview Assets.xcassets */; };
		1CE7F9842A87C6F000CCCA33 /* tesstTests.swift in Sources */ = {isa = PBXBuildFile; fileRef = 1CE7F9832A87C6F000CCCA33 /* tesstTests.swift */; };
		1CE7F98E2A87C6F000CCCA33 /* tesstUITests.swift in Sources */ = {isa = PBXBuildFile; fileRef = 1CE7F98D2A87C6F000CCCA33 /* tesstUITests.swift */; };
		1CE7F9902A87C6F000CCCA33 /* tesstUITestsLaunchTests.swift in Sources */ = {isa = PBXBuildFile; fileRef = 1CE7F98F2A87C6F000CCCA33 /* tesstUITestsLaunchTests.swift */; };
/* End PBXBuildFile section */

/* Begin PBXContainerItemProxy section */
		1CE7F9802A87C6F000CCCA33 /* PBXContainerItemProxy */ = {
			isa = PBXContainerItemProxy;
			containerPortal = 1CE7F9662A87C6F000CCCA33 /* Project object */;
			proxyType = 1;
			remoteGlobalIDString = 1CE7F96D2A87C6F000CCCA33;
			remoteInfo = tesst;
		};
		1CE7F98A2A87C6F000CCCA33 /* PBXContainerItemProxy */ = {
			isa = PBXContainerItemProxy;
			containerPortal = 1CE7F9662A87C6F000CCCA33 /* Project object */;
			proxyType = 1;
			remoteGlobalIDString = 1CE7F96D2A87C6F000CCCA33;
			remoteInfo = tesst;
		};
/* End PBXContainerItemProxy section */

/* Begin PBXFileReference section */
		1CE7F96E2A87C6F000CCCA33 /* tesst.app */ = {isa = PBXFileReference; explicitFileType = wrapper.application; includeInIndex = 0; path = tesst.app; sourceTree = BUILT_PRODUCTS_DIR; };
		1CE7F9712A87C6F000CCCA33 /* tesstApp.swift */ = {isa = PBXFileReference; lastKnownFileType = sourcecode.swift; path = tesstApp.swift; sourceTree = "<group>"; };
		1CE7F9732A87C6F000CCCA33 /* ContentView.swift */ = {isa = PBXFileReference; lastKnownFileType = sourcecode.swift; path = ContentView.swift; sourceTree = "<group>"; };
		1CE7F9752A87C6F000CCCA33 /* Assets.xcassets */ = {isa = PBXFileReference; lastKnownFileType = folder.assetcatalog; path = Assets.xcassets; sourceTree = "<group>"; };
		1CE7F9772A87C6F000CCCA33 /* tesst.entitlements */ = {isa = PBXFileReference; lastKnownFileType = text.plist.entitlements; path = tesst.entitlements; sourceTree = "<group>"; };
		1CE7F9792A87C6F000CCCA33 /* Preview Assets.xcassets */ = {isa = PBXFileReference; lastKnownFileType = folder.assetcatalog; path = "Preview Assets.xcassets"; sourceTree = "<group>"; };
		1CE7F97F2A87C6F000CCCA33 /* tesstTests.xctest */ = {isa = PBXFileReference; explicitFileType = wrapper.cfbundle; includeInIndex = 0; path = tesstTests.xctest; sourceTree = BUILT_PRODUCTS_DIR; };
		1CE7F9832A87C6F000CCCA33 /* tesstTests.swift */ = {isa = PBXFileReference; lastKnownFileType = sourcecode.swift; path = tesstTests.swift; sourceTree = "<group>"; };
		1CE7F9892A87C6F000CCCA33 /* tesstUITests.xctest */ = {isa = PBXFileReference; explicitFileType = wrapper.cfbundle; includeInIndex = 0; path = tesstUITests.xctest; sourceTree = BUILT_PRODUCTS_DIR; };
		1CE7F98D2A87C6F000CCCA33 /* tesstUITests.swift */ = {isa = PBXFileReference; lastKnownFileType = sourcecode.swift; path = tesstUITests.swift; sourceTree = "<group>"; };
		1CE7F98F2A87C6F000CCCA33 /* tesstUITestsLaunchTests.swift */ = {isa = PBXFileReference; lastKnownFileType = sourcecode.swift; path = tesstUITestsLaunchTests.swift; sourceTree = "<group>"; };
/* End PBXFileReference section */

/* Begin PBXFrameworksBuildPhase section */
		1CE7F96B2A87C6F000CCCA33 /* Frameworks */ = {
			isa = PBXFrameworksBuildPhase;
			buildActionMask = 2147483647;
			files = (
			);
			runOnlyForDeploymentPostprocessing = 0;
		};
		1CE7F97C2A87C6F000CCCA33 /* Frameworks */ = {
			isa = PBXFrameworksBuildPhase;
			buildActionMask = 2147483647;
			files = (
			);
			runOnlyForDeploymentPostprocessing = 0;
		};
		1CE7F9862A87C6F000CCCA33 /* Frameworks */ = {
			isa = PBXFrameworksBuildPhase;
			buildActionMask = 2147483647;
			files = (
			);
			runOnlyForDeploymentPostprocessing = 0;
		};
/* End PBXFrameworksBuildPhase section */

/* Begin PBXGroup section */
		1CE7F9652A87C6F000CCCA33 = {
			isa = PBXGroup;
			children = (
				1CE7F9702A87C6F000CCCA33 /* tesst */,
				1CE7F9822A87C6F000CCCA33 /* tesstTests */,
				1CE7F98C2A87C6F000CCCA33 /* tesstUITests */,
				1CE7F96F2A87C6F000CCCA33 /* Products */,
			);
			sourceTree = "<group>";
		};
		1CE7F96F2A87C6F000CCCA33 /* Products */ = {
			isa = PBXGroup;
			children = (
				1CE7F96E2A87C6F000CCCA33 /* tesst.app */,
				1CE7F97F2A87C6F000CCCA33 /* tesstTests.xctest */,
				1CE7F9892A87C6F000CCCA33 /* tesstUITests.xctest */,
			);
			name = Products;
			sourceTree = "<group>";
		};
		1CE7F9702A87C6F000CCCA33 /* tesst */ = {
			isa = PBXGroup;
			children = (
				1CE7F9712A87C6F000CCCA33 /* tesstApp.swift */,
				1CE7F9732A87C6F000CCCA33 /* ContentView.swift */,
				1CE7F9752A87C6F000CCCA33 /* Assets.xcassets */,
				1CE7F9772A87C6F000CCCA33 /* tesst.entitlements */,
				1CE7F9782A87C6F000CCCA33 /* Preview Content */,
			);
			path = tesst;
			sourceTree = "<group>";
		};
		1CE7F9782A87C6F000CCCA33 /* Preview Content */ = {
			isa = PBXGroup;
			children = (
				1CE7F9792A87C6F000CCCA33 /* Preview Assets.xcassets */,
			);
			path = "Preview Content";
			sourceTree = "<group>";
		};
		1CE7F9822A87C6F000CCCA33 /* tesstTests */ = {
			isa = PBXGroup;
			children = (
				1CE7F9832A87C6F000CCCA33 /* tesstTests.swift */,
			);
			path = tesstTests;
			sourceTree = "<group>";
		};
		1CE7F98C2A87C6F000CCCA33 /* tesstUITests */ = {
			isa = PBXGroup;
			children = (
				1CE7F98D2A87C6F000CCCA33 /* tesstUITests.swift */,
				1CE7F98F2A87C6F000CCCA33 /* tesstUITestsLaunchTests.swift */,
			);
			path = tesstUITests;
			sourceTree = "<group>";
		};
/* End PBXGroup section */

/* Begin PBXNativeTarget section */
		1CE7F96D2A87C6F000CCCA33 /* tesst */ = {
			isa = PBXNativeTarget;
			buildConfigurationList = 1CE7F9932A87C6F000CCCA33 /* Build configuration list for PBXNativeTarget "tesst" */;
			buildPhases = (
				1CE7F96A2A87C6F000CCCA33 /* Sources */,
				1CE7F96B2A87C6F000CCCA33 /* Frameworks */,
				1CE7F96C2A87C6F000CCCA33 /* Resources */,
			);
			buildRules = (
			);
			dependencies = (
			);
			name = tesst;
			productName = tesst;
			productReference = 1CE7F96E2A87C6F000CCCA33 /* tesst.app */;
			productType = "com.apple.product-type.application";
		};
		1CE7F97E2A87C6F000CCCA33 /* tesstTests */ = {
			isa = PBXNativeTarget;
			buildConfigurationList = 1CE7F9962A87C6F000CCCA33 /* Build configuration list for PBXNativeTarget "tesstTests" */;
			buildPhases = (
				1CE7F97B2A87C6F000CCCA33 /* Sources */,
				1CE7F97C2A87C6F000CCCA33 /* Frameworks */,
				1CE7F97D2A87C6F000CCCA33 /* Resources */,
			);
			buildRules = (
			);
			dependencies = (
				1CE7F9812A87C6F000CCCA33 /* PBXTargetDependency */,
			);
			name = tesstTests;
			productName = tesstTests;
			productReference = 1CE7F97F2A87C6F000CCCA33 /* tesstTests.xctest */;
			productType = "com.apple.product-type.bundle.unit-test";
		};
		1CE7F9882A87C6F000CCCA33 /* tesstUITests */ = {
			isa = PBXNativeTarget;
			buildConfigurationList = 1CE7F9992A87C6F000CCCA33 /* Build configuration list for PBXNativeTarget "tesstUITests" */;
			buildPhases = (
				1CE7F9852A87C6F000CCCA33 /* Sources */,
				1CE7F9862A87C6F000CCCA33 /* Frameworks */,
				1CE7F9872A87C6F000CCCA33 /* Resources */,
			);
			buildRules = (
			);
			dependencies = (
				1CE7F98B2A87C6F000CCCA33 /* PBXTargetDependency */,
			);
			name = tesstUITests;
			productName = tesstUITests;
			productReference = 1CE7F9892A87C6F000CCCA33 /* tesstUITests.xctest */;
			productType = "com.apple.product-type.bundle.ui-testing";
		};
/* End PBXNativeTarget section */

/* Begin PBXProject section */
		1CE7F9662A87C6F000CCCA33 /* Project object */ = {
			isa = PBXProject;
			attributes = {
				BuildIndependentTargetsInParallel = 1;
				LastSwiftUpdateCheck = 1430;
				LastUpgradeCheck = 1430;
				TargetAttributes = {
					1CE7F96D2A87C6F000CCCA33 = {
						CreatedOnToolsVersion = 14.3.1;
					};
					1CE7F97E2A87C6F000CCCA33 = {
						CreatedOnToolsVersion = 14.3.1;
						TestTargetID = 1CE7F96D2A87C6F000CCCA33;
					};
					1CE7F9882A87C6F000CCCA33 = {
						CreatedOnToolsVersion = 14.3.1;
						TestTargetID = 1CE7F96D2A87C6F000CCCA33;
					};
				};
			};
			buildConfigurationList = 1CE7F9692A87C6F000CCCA33 /* Build configuration list for PBXProject "tesst" */;
			compatibilityVersion = "Xcode 14.0";
			developmentRegion = en;
			hasScannedForEncodings = 0;
			knownRegions = (
				en,
				Base,
			);
			mainGroup = 1CE7F9652A87C6F000CCCA33;
			productRefGroup = 1CE7F96F2A87C6F000CCCA33 /* Products */;
			projectDirPath = "";
			projectRoot = "";
			targets = (
				1CE7F96D2A87C6F000CCCA33 /* tesst */,
				1CE7F97E2A87C6F000CCCA33 /* tesstTests */,
				1CE7F9882A87C6F000CCCA33 /* tesstUITests */,
			);
		};
/* End PBXProject section */

/* Begin PBXResourcesBuildPhase section */
		1CE7F96C2A87C6F000CCCA33 /* Resources */ = {
			isa = PBXResourcesBuildPhase;
			buildActionMask = 2147483647;
			files = (
				1CE7F97A2A87C6F000CCCA33 /* Preview Assets.xcassets in Resources */,
				1CE7F9762A87C6F000CCCA33 /* Assets.xcassets in Resources */,
			);
			runOnlyForDeploymentPostprocessing = 0;
		};
		1CE7F97D2A87C6F000CCCA33 /* Resources */ = {
			isa = PBXResourcesBuildPhase;
			buildActionMask = 2147483647;
			files = (
			);
			runOnlyForDeploymentPostprocessing = 0;
		};
		1CE7F9872A87C6F000CCCA33 /* Resources */ = {
			isa = PBXResourcesBuildPhase;
			buildActionMask = 2147483647;
			files = (
			);
			runOnlyForDeploymentPostprocessing = 0;
		};
/* End PBXResourcesBuildPhase section */

/* Begin PBXSourcesBuildPhase section */
		1CE7F96A2A87C6F000CCCA33 /* Sources */ = {
			isa = PBXSourcesBuildPhase;
			buildActionMask = 2147483647;
			files = (
				1CE7F9742A87C6F000CCCA33 /* ContentView.swift in Sources */,
				1CE7F9722A87C6F000CCCA33 /* tesstApp.swift in Sources */,
			);
			runOnlyForDeploymentPostprocessing = 0;
		};
		1CE7F97B2A87C6F000CCCA33 /* Sources */ = {
			isa = PBXSourcesBuildPhase;
			buildActionMask = 2147483647;
			files = (
				1CE7F9842A87C6F000CCCA33 /* tesstTests.swift in Sources */,
			);
			runOnlyForDeploymentPostprocessing = 0;
		};
		1CE7F9852A87C6F000CCCA33 /* Sources */ = {
			isa = PBXSourcesBuildPhase;
			buildActionMask = 2147483647;
			files = (
				1CE7F9902A87C6F000CCCA33 /* tesstUITestsLaunchTests.swift in Sources */,
				1CE7F98E2A87C6F000CCCA33 /* tesstUITests.swift in Sources */,
			);
			runOnlyForDeploymentPostprocessing = 0;
		};
/* End PBXSourcesBuildPhase section */

/* Begin PBXTargetDependency section */
		1CE7F9812A87C6F000CCCA33 /* PBXTargetDependency */ = {
			isa = PBXTargetDependency;
			target = 1CE7F96D2A87C6F000CCCA33 /* tesst */;
			targetProxy = 1CE7F9802A87C6F000CCCA33 /* PBXContainerItemProxy */;
		};
		1CE7F98B2A87C6F000CCCA33 /* PBXTargetDependency */ = {
			isa = PBXTargetDependency;
			target = 1CE7F96D2A87C6F000CCCA33 /* tesst */;
			targetProxy = 1CE7F98A2A87C6F000CCCA33 /* PBXContainerItemProxy */;
		};
/* End PBXTargetDependency section */

/* Begin XCBuildConfiguration section */
		1CE7F9912A87C6F000CCCA33 /* Debug */ = {
			isa = XCBuildConfiguration;
			buildSettings = {
				ALWAYS_SEARCH_USER_PATHS = NO;
				CLANG_ANALYZER_NONNULL = YES;
				CLANG_ANALYZER_NUMBER_OBJECT_CONVERSION = YES_AGGRESSIVE;
				CLANG_CXX_LANGUAGE_STANDARD = "gnu++20";
				CLANG_ENABLE_MODULES = YES;
				CLANG_ENABLE_OBJC_ARC = YES;
				CLANG_ENABLE_OBJC_WEAK = YES;
				CLANG_WARN_BLOCK_CAPTURE_AUTORELEASING = YES;
				CLANG_WARN_BOOL_CONVERSION = YES;
				CLANG_WARN_COMMA = YES;
				CLANG_WARN_CONSTANT_CONVERSION = YES;
				CLANG_WARN_DEPRECATED_OBJC_IMPLEMENTATIONS = YES;
				CLANG_WARN_DIRECT_OBJC_ISA_USAGE = YES_ERROR;
				CLANG_WARN_DOCUMENTATION_COMMENTS = YES;
				CLANG_WARN_EMPTY_BODY = YES;
				CLANG_WARN_ENUM_CONVERSION = YES;
				CLANG_WARN_INFINITE_RECURSION = YES;
				CLANG_WARN_INT_CONVERSION = YES;
				CLANG_WARN_NON_LITERAL_NULL_CONVERSION = YES;
				CLANG_WARN_OBJC_IMPLICIT_RETAIN_SELF = YES;
				CLANG_WARN_OBJC_LITERAL_CONVERSION = YES;
				CLANG_WARN_OBJC_ROOT_CLASS = YES_ERROR;
				CLANG_WARN_QUOTED_INCLUDE_IN_FRAMEWORK_HEADER = YES;
				CLANG_WARN_RANGE_LOOP_ANALYSIS = YES;
				CLANG_WARN_STRICT_PROTOTYPES = YES;
				CLANG_WARN_SUSPICIOUS_MOVE = YES;
				CLANG_WARN_UNGUARDED_AVAILABILITY = YES_AGGRESSIVE;
				CLANG_WARN_UNREACHABLE_CODE = YES;
				CLANG_WARN__DUPLICATE_METHOD_MATCH = YES;
				COPY_PHASE_STRIP = NO;
				DEBUG_INFORMATION_FORMAT = dwarf;
				ENABLE_STRICT_OBJC_MSGSEND = YES;
				ENABLE_TESTABILITY = YES;
				GCC_C_LANGUAGE_STANDARD = gnu11;
				GCC_DYNAMIC_NO_PIC = NO;
				GCC_NO_COMMON_BLOCKS = YES;
				GCC_OPTIMIZATION_LEVEL = 0;
				GCC_PREPROCESSOR_DEFINITIONS = (
					"DEBUG=1",
					"$(inherited)",
				);
				GCC_WARN_64_TO_32_BIT_CONVERSION = YES;
				GCC_WARN_ABOUT_RETURN_TYPE = YES_ERROR;
				GCC_WARN_UNDECLARED_SELECTOR = YES;
				GCC_WARN_UNINITIALIZED_AUTOS = YES_AGGRESSIVE;
				GCC_WARN_UNUSED_FUNCTION = YES;
				GCC_WARN_UNUSED_VARIABLE = YES;
				MTL_ENABLE_DEBUG_INFO = INCLUDE_SOURCE;
				MTL_FAST_MATH = YES;
				ONLY_ACTIVE_ARCH = YES;
				SWIFT_ACTIVE_COMPILATION_CONDITIONS = DEBUG;
				SWIFT_OPTIMIZATION_LEVEL = "-Onone";
			};
			name = Debug;
		};
		1CE7F9922A87C6F000CCCA33 /* Release */ = {
			isa = XCBuildConfiguration;
			buildSettings = {
				ALWAYS_SEARCH_USER_PATHS = NO;
				CLANG_ANALYZER_NONNULL = YES;
				CLANG_ANALYZER_NUMBER_OBJECT_CONVERSION = YES_AGGRESSIVE;
				CLANG_CXX_LANGUAGE_STANDARD = "gnu++20";
				CLANG_ENABLE_MODULES = YES;
				CLANG_ENABLE_OBJC_ARC = YES;
				CLANG_ENABLE_OBJC_WEAK = YES;
				CLANG_WARN_BLOCK_CAPTURE_AUTORELEASING = YES;
				CLANG_WARN_BOOL_CONVERSION = YES;
				CLANG_WARN_COMMA = YES;
				CLANG_WARN_CONSTANT_CONVERSION = YES;
				CLANG_WARN_DEPRECATED_OBJC_IMPLEMENTATIONS = YES;
				CLANG_WARN_DIRECT_OBJC_ISA_USAGE = YES_ERROR;
				CLANG_WARN_DOCUMENTATION_COMMENTS = YES;
				CLANG_WARN_EMPTY_BODY = YES;
				CLANG_WARN_ENUM_CONVERSION = YES;
				CLANG_WARN_INFINITE_RECURSION = YES;
				CLANG_WARN_INT_CONVERSION = YES;
				CLANG_WARN_NON_LITERAL_NULL_CONVERSION = YES;
				CLANG_WARN_OBJC_IMPLICIT_RETAIN_SELF = YES;
				CLANG_WARN_OBJC_LITERAL_CONVERSION = YES;
				CLANG_WARN_OBJC_ROOT_CLASS = YES_ERROR;
				CLANG_WARN_QUOTED_INCLUDE_IN_FRAMEWORK_HEADER = YES;
				CLANG_WARN_RANGE_LOOP_ANALYSIS = YES;
				CLANG_WARN_STRICT_PROTOTYPES = YES;
				CLANG_WARN_SUSPICIOUS_MOVE = YES;
				CLANG_WARN_UNGUARDED_AVAILABILITY = YES_AGGRESSIVE;
				CLANG_WARN_UNREACHABLE_CODE = YES;
				CLANG_WARN__DUPLICATE_METHOD_MATCH = YES;
				COPY_PHASE_STRIP = NO;
				DEBUG_INFORMATION_FORMAT = "dwarf-with-dsym";
				ENABLE_NS_ASSERTIONS = NO;
				ENABLE_STRICT_OBJC_MSGSEND = YES;
				GCC_C_LANGUAGE_STANDARD = gnu11;
				GCC_NO_COMMON_BLOCKS = YES;
				GCC_WARN_64_TO_32_BIT_CONVERSION = YES;
				GCC_WARN_ABOUT_RETURN_TYPE = YES_ERROR;
				GCC_WARN_UNDECLARED_SELECTOR = YES;
				GCC_WARN_UNINITIALIZED_AUTOS = YES_AGGRESSIVE;
				GCC_WARN_UNUSED_FUNCTION = YES;
				GCC_WARN_UNUSED_VARIABLE = YES;
				MTL_ENABLE_DEBUG_INFO = NO;
				MTL_FAST_MATH = YES;
				SWIFT_COMPILATION_MODE = wholemodule;
				SWIFT_OPTIMIZATION_LEVEL = "-O";
			};
			name = Release;
		};
		1CE7F9942A87C6F000CCCA33 /* Debug */ = {
			isa = XCBuildConfiguration;
			buildSettings = {
				ASSETCATALOG_COMPILER_APPICON_NAME = AppIcon;
				ASSETCATALOG_COMPILER_GLOBAL_ACCENT_COLOR_NAME = AccentColor;
				CODE_SIGN_ENTITLEMENTS = tesst/tesst.entitlements;
				CODE_SIGN_STYLE = Automatic;
				CURRENT_PROJECT_VERSION = 1;
				DEVELOPMENT_ASSET_PATHS = "\"tesst/Preview Content\"";
				ENABLE_PREVIEWS = YES;
				GENERATE_INFOPLIST_FILE = YES;
				"INFOPLIST_KEY_UIApplicationSceneManifest_Generation[sdk=iphoneos*]" = YES;
				"INFOPLIST_KEY_UIApplicationSceneManifest_Generation[sdk=iphonesimulator*]" = YES;
				"INFOPLIST_KEY_UIApplicationSupportsIndirectInputEvents[sdk=iphoneos*]" = YES;
				"INFOPLIST_KEY_UIApplicationSupportsIndirectInputEvents[sdk=iphonesimulator*]" = YES;
				"INFOPLIST_KEY_UILaunchScreen_Generation[sdk=iphoneos*]" = YES;
				"INFOPLIST_KEY_UILaunchScreen_Generation[sdk=iphonesimulator*]" = YES;
				"INFOPLIST_KEY_UIStatusBarStyle[sdk=iphoneos*]" = UIStatusBarStyleDefault;
				"INFOPLIST_KEY_UIStatusBarStyle[sdk=iphonesimulator*]" = UIStatusBarStyleDefault;
				INFOPLIST_KEY_UISupportedInterfaceOrientations_iPad = "UIInterfaceOrientationPortrait UIInterfaceOrientationPortraitUpsideDown UIInterfaceOrientationLandscapeLeft UIInterfaceOrientationLandscapeRight";
				INFOPLIST_KEY_UISupportedInterfaceOrientations_iPhone = "UIInterfaceOrientationPortrait UIInterfaceOrientationLandscapeLeft UIInterfaceOrientationLandscapeRight";
				IPHONEOS_DEPLOYMENT_TARGET = 16.4;
				LD_RUNPATH_SEARCH_PATHS = "@executable_path/Frameworks";
				"LD_RUNPATH_SEARCH_PATHS[sdk=macosx*]" = "@executable_path/../Frameworks";
				MACOSX_DEPLOYMENT_TARGET = 13.3;
				MARKETING_VERSION = 1.0;
				PRODUCT_BUNDLE_IDENTIFIER = e.tesst;
				PRODUCT_NAME = "$(TARGET_NAME)";
				SDKROOT = auto;
				SUPPORTED_PLATFORMS = "iphoneos iphonesimulator macosx";
				SWIFT_EMIT_LOC_STRINGS = YES;
				SWIFT_VERSION = 5.0;
				TARGETED_DEVICE_FAMILY = "1,2";
			};
			name = Debug;
		};
		1CE7F9952A87C6F000CCCA33 /* Release */ = {
			isa = XCBuildConfiguration;
			buildSettings = {
				ASSETCATALOG_COMPILER_APPICON_NAME = AppIcon;
				ASSETCATALOG_COMPILER_GLOBAL_ACCENT_COLOR_NAME = AccentColor;
				CODE_SIGN_ENTITLEMENTS = tesst/tesst.entitlements;
				CODE_SIGN_STYLE = Automatic;
				CURRENT_PROJECT_VERSION = 1;
				DEVELOPMENT_ASSET_PATHS = "\"tesst/Preview Content\"";
				ENABLE_PREVIEWS = YES;
				GENERATE_INFOPLIST_FILE = YES;
				"INFOPLIST_KEY_UIApplicationSceneManifest_Generation[sdk=iphoneos*]" = YES;
				"INFOPLIST_KEY_UIApplicationSceneManifest_Generation[sdk=iphonesimulator*]" = YES;
				"INFOPLIST_KEY_UIApplicationSupportsIndirectInputEvents[sdk=iphoneos*]" = YES;
				"INFOPLIST_KEY_UIApplicationSupportsIndirectInputEvents[sdk=iphonesimulator*]" = YES;
				"INFOPLIST_KEY_UILaunchScreen_Generation[sdk=iphoneos*]" = YES;
				"INFOPLIST_KEY_UILaunchScreen_Generation[sdk=iphonesimulator*]" = YES;
				"INFOPLIST_KEY_UIStatusBarStyle[sdk=iphoneos*]" = UIStatusBarStyleDefault;
				"INFOPLIST_KEY_UIStatusBarStyle[sdk=iphonesimulator*]" = UIStatusBarStyleDefault;
				INFOPLIST_KEY_UISupportedInterfaceOrientations_iPad = "UIInterfaceOrientationPortrait UIInterfaceOrientationPortraitUpsideDown UIInterfaceOrientationLandscapeLeft UIInterfaceOrientationLandscapeRight";
				INFOPLIST_KEY_UISupportedInterfaceOrientations_iPhone = "UIInterfaceOrientationPortrait UIInterfaceOrientationLandscapeLeft UIInterfaceOrientationLandscapeRight";
				IPHONEOS_DEPLOYMENT_TARGET = 16.4;
				LD_RUNPATH_SEARCH_PATHS = "@executable_path/Frameworks";
				"LD_RUNPATH_SEARCH_PATHS[sdk=macosx*]" = "@executable_path/../Frameworks";
				MACOSX_DEPLOYMENT_TARGET = 13.3;
				MARKETING_VERSION = 1.0;
				PRODUCT_BUNDLE_IDENTIFIER = e.tesst;
				PRODUCT_NAME = "$(TARGET_NAME)";
				SDKROOT = auto;
				SUPPORTED_PLATFORMS = "iphoneos iphonesimulator macosx";
				SWIFT_EMIT_LOC_STRINGS = YES;
				SWIFT_VERSION = 5.0;
				TARGETED_DEVICE_FAMILY = "1,2";
			};
			name = Release;
		};
		1CE7F9972A87C6F000CCCA33 /* Debug */ = {
			isa = XCBuildConfiguration;
			buildSettings = {
				ALWAYS_EMBED_SWIFT_STANDARD_LIBRARIES = YES;
				BUNDLE_LOADER = "$(TEST_HOST)";
				CODE_SIGN_STYLE = Automatic;
				CURRENT_PROJECT_VERSION = 1;
				GENERATE_INFOPLIST_FILE = YES;
				IPHONEOS_DEPLOYMENT_TARGET = 16.4;
				MACOSX_DEPLOYMENT_TARGET = 13.3;
				MARKETING_VERSION = 1.0;
				PRODUCT_BUNDLE_IDENTIFIER = e.tesstTests;
				PRODUCT_NAME = "$(TARGET_NAME)";
				SDKROOT = auto;
				SUPPORTED_PLATFORMS = "iphoneos iphonesimulator macosx";
				SWIFT_EMIT_LOC_STRINGS = NO;
				SWIFT_VERSION = 5.0;
				TARGETED_DEVICE_FAMILY = "1,2";
				TEST_HOST = "$(BUILT_PRODUCTS_DIR)/tesst.app/$(BUNDLE_EXECUTABLE_FOLDER_PATH)/tesst";
			};
			name = Debug;
		};
		1CE7F9982A87C6F000CCCA33 /* Release */ = {
			isa = XCBuildConfiguration;
			buildSettings = {
				ALWAYS_EMBED_SWIFT_STANDARD_LIBRARIES = YES;
				BUNDLE_LOADER = "$(TEST_HOST)";
				CODE_SIGN_STYLE = Automatic;
				CURRENT_PROJECT_VERSION = 1;
				GENERATE_INFOPLIST_FILE = YES;
				IPHONEOS_DEPLOYMENT_TARGET = 16.4;
				MACOSX_DEPLOYMENT_TARGET = 13.3;
				MARKETING_VERSION = 1.0;
				PRODUCT_BUNDLE_IDENTIFIER = e.tesstTests;
				PRODUCT_NAME = "$(TARGET_NAME)";
				SDKROOT = auto;
				SUPPORTED_PLATFORMS = "iphoneos iphonesimulator macosx";
				SWIFT_EMIT_LOC_STRINGS = NO;
				SWIFT_VERSION = 5.0;
				TARGETED_DEVICE_FAMILY = "1,2";
				TEST_HOST = "$(BUILT_PRODUCTS_DIR)/tesst.app/$(BUNDLE_EXECUTABLE_FOLDER_PATH)/tesst";
			};
			name = Release;
		};
		1CE7F99A2A87C6F000CCCA33 /* Debug */ = {
			isa = XCBuildConfiguration;
			buildSettings = {
				ALWAYS_EMBED_SWIFT_STANDARD_LIBRARIES = YES;
				CODE_SIGN_STYLE = Automatic;
				CURRENT_PROJECT_VERSION = 1;
				GENERATE_INFOPLIST_FILE = YES;
				IPHONEOS_DEPLOYMENT_TARGET = 16.4;
				MACOSX_DEPLOYMENT_TARGET = 13.3;
				MARKETING_VERSION = 1.0;
				PRODUCT_BUNDLE_IDENTIFIER = e.tesstUITests;
				PRODUCT_NAME = "$(TARGET_NAME)";
				SDKROOT = auto;
				SUPPORTED_PLATFORMS = "iphoneos iphonesimulator macosx";
				SWIFT_EMIT_LOC_STRINGS = NO;
				SWIFT_VERSION = 5.0;
				TARGETED_DEVICE_FAMILY = "1,2";
				TEST_TARGET_NAME = tesst;
			};
			name = Debug;
		};
		1CE7F99B2A87C6F000CCCA33 /* Release */ = {
			isa = XCBuildConfiguration;
			buildSettings = {
				ALWAYS_EMBED_SWIFT_STANDARD_LIBRARIES = YES;
				CODE_SIGN_STYLE = Automatic;
				CURRENT_PROJECT_VERSION = 1;
				GENERATE_INFOPLIST_FILE = YES;
				IPHONEOS_DEPLOYMENT_TARGET = 16.4;
				MACOSX_DEPLOYMENT_TARGET = 13.3;
				MARKETING_VERSION = 1.0;
				PRODUCT_BUNDLE_IDENTIFIER = e.tesstUITests;
				PRODUCT_NAME = "$(TARGET_NAME)";
				SDKROOT = auto;
				SUPPORTED_PLATFORMS = "iphoneos iphonesimulator macosx";
				SWIFT_EMIT_LOC_STRINGS = NO;
				SWIFT_VERSION = 5.0;
				TARGETED_DEVICE_FAMILY = "1,2";
				TEST_TARGET_NAME = tesst;
			};
			name = Release;
		};
/* End XCBuildConfiguration section */

/* Begin XCConfigurationList section */
		1CE7F9692A87C6F000CCCA33 /* Build configuration list for PBXProject "tesst" */ = {
			isa = XCConfigurationList;
			buildConfigurations = (
				1CE7F9912A87C6F000CCCA33 /* Debug */,
				1CE7F9922A87C6F000CCCA33 /* Release */,
			);
			defaultConfigurationIsVisible = 0;
			defaultConfigurationName = Release;
		};
		1CE7F9932A87C6F000CCCA33 /* Build configuration list for PBXNativeTarget "tesst" */ = {
			isa = XCConfigurationList;
			buildConfigurations = (
				1CE7F9942A87C6F000CCCA33 /* Debug */,
				1CE7F9952A87C6F000CCCA33 /* Release */,
			);
			defaultConfigurationIsVisible = 0;
			defaultConfigurationName = Release;
		};
		1CE7F9962A87C6F000CCCA33 /* Build configuration list for PBXNativeTarget "tesstTests" */ = {
			isa = XCConfigurationList;
			buildConfigurations = (
				1CE7F9972A87C6F000CCCA33 /* Debug */,
				1CE7F9982A87C6F000CCCA33 /* Release */,
			);
			defaultConfigurationIsVisible = 0;
			defaultConfigurationName = Release;
		};
		1CE7F9992A87C6F000CCCA33 /* Build configuration list for PBXNativeTarget "tesstUITests" */ = {
			isa = XCConfigurationList;
			buildConfigurations = (
				1CE7F99A2A87C6F000CCCA33 /* Debug */,
				1CE7F99B2A87C6F000CCCA33 /* Release */,
			);
			defaultConfigurationIsVisible = 0;
			defaultConfigurationName = Release;
		};
/* End XCConfigurationList section */
	};
	rootObject = 1CE7F9662A87C6F000CCCA33 /* Project object */;
}
